
Microsoft Visual Studio Solution File, Format Version 12.00
# Visual Studio Version 17
VisualStudioVersion = 17.10.35201.131
MinimumVisualStudioVersion = 10.0.40219.1
Project("{FAE04EC0-301F-11D3-BF4B-00C04F79EFBC}") = "Sum", "Sum.csproj", "{E85683E3-2CA0-4D6C-8ACF-E7FBD51F07BA}"
EndProject
Global
	GlobalSection(SolutionConfigurationPlatforms) = preSolution
		Debug|Any CPU = Debug|Any CPU
		Release|Any CPU = Release|Any CPU
	EndGlobalSection
	GlobalSection(ProjectConfigurationPlatforms) = postSolution
		{E85683E3-2CA0-4D6C-8ACF-E7FBD51F07BA}.Debug|Any CPU.ActiveCfg = Debug|Any CPU
		{E85683E3-2CA0-4D6C-8ACF-E7FBD51F07BA}.Debug|Any CPU.Build.0 = Debug|Any CPU
		{E85683E3-2CA0-4D6C-8ACF-E7FBD51F07BA}.Release|Any CPU.ActiveCfg = Release|Any CPU
		{E85683E3-2CA0-4D6C-8ACF-E7FBD51F07BA}.Release|Any CPU.Build.0 = Release|Any CPU
	EndGlobalSection
	GlobalSection(SolutionProperties) = preSolution
		HideSolutionNode = FALSE
	EndGlobalSection
	GlobalSection(ExtensibilityGlobals) = postSolution
		SolutionGuid = {7867A6DF-C73D-45EE-9DB8-D09D69BF6753}
	EndGlobalSection
EndGlobal
